
Microsoft Visual Studio Solution File, Format Version 12.00
# Visual Studio Version 16
VisualStudioVersion = 16.0.31112.23
MinimumVisualStudioVersion = 10.0.40219.1
Project("{8BC9CEB8-8B4A-11D0-8D11-00A0C91BC942}") = "顺序栈", "顺序栈.vcxproj", "{E38B309C-D816-4686-BC08-F82FE9617432}"
EndProject
Global
	GlobalSection(SolutionConfigurationPlatforms) = preSolution
		Debug|x64 = Debug|x64
		Debug|x86 = Debug|x86
		Release|x64 = Release|x64
		Release|x86 = Release|x86
	EndGlobalSection
	GlobalSection(ProjectConfigurationPlatforms) = postSolution
		{E38B309C-D816-4686-BC08-F82FE9617432}.Debug|x64.ActiveCfg = Debug|x64
		{E38B309C-D816-4686-BC08-F82FE9617432}.Debug|x64.Build.0 = Debug|x64
		{E38B309C-D816-4686-BC08-F82FE9617432}.Debug|x86.ActiveCfg = Debug|Win32
		{E38B309C-D816-4686-BC08-F82FE9617432}.Debug|x86.Build.0 = Debug|Win32
		{E38B309C-D816-4686-BC08-F82FE9617432}.Release|x64.ActiveCfg = Release|x64
		{E38B309C-D816-4686-BC08-F82FE9617432}.Release|x64.Build.0 = Release|x64
		{E38B309C-D816-4686-BC08-F82FE9617432}.Release|x86.ActiveCfg = Release|Win32
		{E38B309C-D816-4686-BC08-F82FE9617432}.Release|x86.Build.0 = Release|Win32
	EndGlobalSection
	GlobalSection(SolutionProperties) = preSolution
		HideSolutionNode = FALSE
	EndGlobalSection
	GlobalSection(ExtensibilityGlobals) = postSolution
		SolutionGuid = {E4EBEB40-3809-42C1-9C71-91EBD9DBCA29}
	EndGlobalSection
EndGlobal
